# THIS IS AN AUTOGENERATED FILE. DO NOT EDIT THIS FILE DIRECTLY.
# yarn lockfile v1


"@types/estree@*":
  version "0.0.45"
  resolved "https://registry.yarnpkg.com/@types/estree/-/estree-0.0.45.tgz#e9387572998e5ecdac221950dab3e8c3b16af884"
  integrity sha512-jnqIUKDUqJbDIUxm0Uj7bnlMnRm1T/eZ9N+AVMqhPgzrba2GhGG5o/jCTwmdPK709nEZsGoMzXEDUjcXHa3W0g==

"@types/node@*":
  version "14.14.10"
  resolved "https://registry.yarnpkg.com/@types/node/-/node-14.14.10.tgz#5958a82e41863cfc71f2307b3748e3491ba03785"
  integrity sha512-J32dgx2hw8vXrSbu4ZlVhn1Nm3GbeCFNw2FWL8S5QKucHGY0cyNwjdQdO+KMBZ4wpmC7KhLCiNsdk1RFRIYUQQ==

"@types/resolve@0.0.8":
  version "0.0.8"
  resolved "https://registry.yarnpkg.com/@types/resolve/-/resolve-0.0.8.tgz#f26074d238e02659e323ce1a13d041eee280e194"
  integrity sha512-auApPaJf3NPfe18hSoJkp8EbZzer2ISk7o8mCC3M9he/a04+gbMF97NkpD2S8riMGvm4BMRI59/SZQSaLTKpsQ==
  dependencies:
    "@types/node" "*"

adler-32@~1.2.0:
  version "1.2.0"
  resolved "https://registry.yarnpkg.com/adler-32/-/adler-32-1.2.0.tgz#6a3e6bf0a63900ba15652808cb15c6813d1a5f25"
  integrity sha1-aj5r8KY5ALoVZSgIyxXGgT0aXyU=
  dependencies:
    exit-on-epipe "~1.0.1"
    printj "~1.1.0"

builtin-modules@^3.1.0:
  version "3.1.0"
  resolved "https://registry.yarnpkg.com/builtin-modules/-/builtin-modules-3.1.0.tgz#aad97c15131eb76b65b50ef208e7584cd76a7484"
  integrity sha512-k0KL0aWZuBt2lrxrcASWDfwOLMnodeQjodT/1SxEQAXsHANgo6ZC/VEaSEHCXt7aSTZ4/4H5LKa+tBXmW7Vtvw==

cfb@^1.1.4:
  version "1.2.0"
  resolved "https://registry.yarnpkg.com/cfb/-/cfb-1.2.0.tgz#6a4d0872b525ed60349e1ef51fb4b0bf73eca9a8"
  integrity sha512-sXMvHsKCICVR3Naq+J556K+ExBo9n50iKl6LGarlnvuA2035uMlGA/qVrc0wQtow5P1vJEw9UyrKLCbtIKz+TQ==
  dependencies:
    adler-32 "~1.2.0"
    crc-32 "~1.2.0"
    printj "~1.1.2"

codepage@~1.14.0:
  version "1.14.0"
  resolved "https://registry.yarnpkg.com/codepage/-/codepage-1.14.0.tgz#8cbe25481323559d7d307571b0fff91e7a1d2f99"
  integrity sha1-jL4lSBMjVZ19MHVxsP/5HnodL5k=
  dependencies:
    commander "~2.14.1"
    exit-on-epipe "~1.0.1"

commander@~2.14.1:
  version "2.14.1"
  resolved "https://registry.yarnpkg.com/commander/-/commander-2.14.1.tgz#2235123e37af8ca3c65df45b026dbd357b01b9aa"
  integrity sha512-+YR16o3rK53SmWHU3rEM3tPAh2rwb1yPcQX5irVn7mb0gXbwuCCrnkbV5+PBfETdfg1vui07nM6PCG1zndcjQw==

commander@~2.17.1:
  version "2.17.1"
  resolved "https://registry.yarnpkg.com/commander/-/commander-2.17.1.tgz#bd77ab7de6de94205ceacc72f1716d29f20a77bf"
  integrity sha512-wPMUt6FnH2yzG95SA6mzjQOEKUU3aLaDEmzs1ti+1E9h+CsrZghRlqEM/EJ4KscsQVG8uNN4uVreUeT8+drlgg==

crc-32@~1.2.0:
  version "1.2.0"
  resolved "https://registry.yarnpkg.com/crc-32/-/crc-32-1.2.0.tgz#cb2db6e29b88508e32d9dd0ec1693e7b41a18208"
  integrity sha512-1uBwHxF+Y/4yF5G48fwnKq6QsIXheor3ZLPT80yGBV1oEUwpPojlEhQbWKVw1VwcTQyMGHK1/XMmTjmlsmTTGA==
  dependencies:
    exit-on-epipe "~1.0.1"
    printj "~1.1.0"

dayjs@^1.9.6:
  version "1.9.6"
  resolved "https://registry.yarnpkg.com/dayjs/-/dayjs-1.9.6.tgz#6f0c77d76ac1ff63720dd1197e5cb87b67943d70"
  integrity sha512-HngNLtPEBWRo8EFVmHFmSXAjtCX8rGNqeXQI0Gh7wCTSqwaKgPIDqu9m07wABVopNwzvOeCb+2711vQhDlcIXw==

estree-walker@^0.6.1:
  version "0.6.1"
  resolved "https://registry.yarnpkg.com/estree-walker/-/estree-walker-0.6.1.tgz#53049143f40c6eb918b23671d1fe3219f3a1b362"
  integrity sha512-SqmZANLWS0mnatqbSfRP5g8OXZC12Fgg1IwNtLsyHDzJizORW4khDfjPqJZsemPWBB2uqykUah5YpQ6epsqC/w==

exit-on-epipe@~1.0.1:
  version "1.0.1"
  resolved "https://registry.yarnpkg.com/exit-on-epipe/-/exit-on-epipe-1.0.1.tgz#0bdd92e87d5285d267daa8171d0eb06159689692"
  integrity sha512-h2z5mrROTxce56S+pnvAV890uu7ls7f1kEvVGJbw1OlFH3/mlJ5bkXu0KRyW94v37zzHPiUd55iLn3DA7TjWpw==

fflate@^0.3.8:
  version "0.3.10"
  resolved "https://registry.yarnpkg.com/fflate/-/fflate-0.3.10.tgz#0e581839a53203d2eeac7e61ce3652d855e24dcd"
  integrity sha512-s5j69APkUPPbzdI20Ix4pPtQP+1Qi58YcFRpE7aO/P1kEywUYjbl2RjZRVEMdnySO9pr4MB0BHPbxkiahrtD/Q==

frac@~1.1.2:
  version "1.1.2"
  resolved "https://registry.yarnpkg.com/frac/-/frac-1.1.2.tgz#3d74f7f6478c88a1b5020306d747dc6313c74d0b"
  integrity sha512-w/XBfkibaTl3YDqASwfDUqkna4Z2p9cFSr1aHDt0WoMTECnRfBOv2WArlZILlqgWlmdIlALXGpM2AOhEk5W3IA==

fsevents@~2.1.2:
  version "2.1.3"
  resolved "https://registry.yarnpkg.com/fsevents/-/fsevents-2.1.3.tgz#fb738703ae8d2f9fe900c33836ddebee8b97f23e"
  integrity sha512-Auw9a4AxqWpa9GUfj370BMPzzyncfBABW8Mab7BGWBYDj4Isgq+cDKtx0i6u9jcX9pQDnswsaaOTgTmA5pEjuQ==

function-bind@^1.1.1:
  version "1.1.1"
  resolved "https://registry.yarnpkg.com/function-bind/-/function-bind-1.1.1.tgz#a56899d3ea3c9bab874bb9773b7c5ede92f4895d"
  integrity sha512-yIovAzMX49sF8Yl58fSCWJ5svSLuaibPxXQJFLmBObTuCr0Mf1KiPopGM9NiFjiYBCbfaa2Fh6breQ6ANVTI0A==

has@^1.0.3:
  version "1.0.3"
  resolved "https://registry.yarnpkg.com/has/-/has-1.0.3.tgz#722d7cbfc1f6aa8241f16dd814e011e1f41e8796"
  integrity sha512-f2dvO0VU6Oej7RkWJGrehjbzMAjFp5/VKPp5tTpWIV4JHHZK1/BxbFRtf/siA2SWTe09caDmVtYYzWEIbBS4zw==
  dependencies:
    function-bind "^1.1.1"

is-core-module@^2.1.0:
  version "2.1.0"
  resolved "https://registry.yarnpkg.com/is-core-module/-/is-core-module-2.1.0.tgz#a4cc031d9b1aca63eecbd18a650e13cb4eeab946"
  integrity sha512-YcV7BgVMRFRua2FqQzKtTDMz8iCuLEyGKjr70q8Zm1yy2qKcurbFEd79PAdHV77oL3NrAaOVQIbMmiHQCHB7ZA==
  dependencies:
    has "^1.0.3"

is-module@^1.0.0:
  version "1.0.0"
  resolved "https://registry.yarnpkg.com/is-module/-/is-module-1.0.0.tgz#3258fb69f78c14d5b815d664336b4cffb6441591"
  integrity sha1-Mlj7afeMFNW4FdZkM2tM/7ZEFZE=

is-reference@^1.1.2:
  version "1.2.1"
  resolved "https://registry.yarnpkg.com/is-reference/-/is-reference-1.2.1.tgz#8b2dac0b371f4bc994fdeaba9eb542d03002d0b7"
  integrity sha512-U82MsXXiFIrjCK4otLT+o2NA2Cd2g5MLoOVXUZjIOhLurrRxpEXzI8O0KZHr3IjLvlAH1kTPYSuqer5T9ZVBKQ==
  dependencies:
    "@types/estree" "*"

isarray@0.0.1:
  version "0.0.1"
  resolved "https://registry.yarnpkg.com/isarray/-/isarray-0.0.1.tgz#8a18acfca9a8f4177e09abfc6038939b05d1eedf"
  integrity sha1-ihis/Kmo9Bd+Cav8YDiTmwXR7t8=

lit-element-router@^2.0.3:
  version "2.0.3"
  resolved "https://registry.yarnpkg.com/lit-element-router/-/lit-element-router-2.0.3.tgz#6cd369d205f79421674b8ec87cb00b8a3e66aa6b"
  integrity sha512-ASaFeB5E4hsd2LYH3keY3ImuaW1+Dc3BcjauTRZhVcYmEIYDkIs/ci7Vfv/SroHhbyQ5nF/nPFBcOFipYsGwXg==

lit-element@^2.4.0:
  version "2.4.0"
  resolved "https://registry.yarnpkg.com/lit-element/-/lit-element-2.4.0.tgz#b22607a037a8fc08f5a80736dddf7f3f5d401452"
  integrity sha512-pBGLglxyhq/Prk2H91nA0KByq/hx/wssJBQFiYqXhGDvEnY31PRGYf1RglVzyLeRysu0IHm2K0P196uLLWmwFg==
  dependencies:
    lit-html "^1.1.1"

lit-html@^1.1.1:
  version "1.3.0"
  resolved "https://registry.yarnpkg.com/lit-html/-/lit-html-1.3.0.tgz#c80f3cc5793a6dea6c07172be90a70ab20e56034"
  integrity sha512-0Q1bwmaFH9O14vycPHw8C/IeHMk/uSDldVLIefu/kfbTBGIc44KGH6A8p1bDfxUfHdc8q6Ct7kQklWoHgr4t1Q==

magic-string@^0.25.2:
  version "0.25.7"
  resolved "https://registry.yarnpkg.com/magic-string/-/magic-string-0.25.7.tgz#3f497d6fd34c669c6798dcb821f2ef31f5445051"
  integrity sha512-4CrMT5DOHTDk4HYDlzmwu4FVCcIYI8gauveasrdCu2IKIFOJ3f0v/8MDGJCDL9oD2ppz/Av1b0Nj345H9M+XIA==
  dependencies:
    sourcemap-codec "^1.4.4"

page@^1.11.6:
  version "1.11.6"
  resolved "https://registry.yarnpkg.com/page/-/page-1.11.6.tgz#5ef4efc7073749b8085ccdaa0dcd7c9e0de12fe3"
  integrity sha512-P6e2JfzkBrPeFCIPplLP7vDDiU84RUUZMrWdsH4ZBGJ8OosnwFkcUkBHp1DTIjuipLliw9yQn/ZJsXZvarsO+g==
  dependencies:
    path-to-regexp "~1.2.1"

path-parse@^1.0.6:
  version "1.0.6"
  resolved "https://registry.yarnpkg.com/path-parse/-/path-parse-1.0.6.tgz#d62dbb5679405d72c4737ec58600e9ddcf06d24c"
  integrity sha512-GSmOT2EbHrINBf9SR7CDELwlJ8AENk3Qn7OikK4nFYAu3Ote2+JYNVvkpAEQm3/TLNEJFD/xZJjzyxg3KBWOzw==

path-to-regexp@~1.2.1:
  version "1.2.1"
  resolved "https://registry.yarnpkg.com/path-to-regexp/-/path-to-regexp-1.2.1.tgz#b33705c140234d873c8721c7b9fd8b541ed3aff9"
  integrity sha1-szcFwUAjTYc8hyHHuf2LVB7Tr/k=
  dependencies:
    isarray "0.0.1"

printj@~1.1.0, printj@~1.1.2:
  version "1.1.2"
  resolved "https://registry.yarnpkg.com/printj/-/printj-1.1.2.tgz#d90deb2975a8b9f600fb3a1c94e3f4c53c78a222"
  integrity sha512-zA2SmoLaxZyArQTOPj5LXecR+RagfPSU5Kw1qP+jkWeNlrq+eJZyY2oS68SU1Z/7/myXM4lo9716laOFAVStCQ==

resolve@^1.11.0, resolve@^1.11.1:
  version "1.19.0"
  resolved "https://registry.yarnpkg.com/resolve/-/resolve-1.19.0.tgz#1af5bf630409734a067cae29318aac7fa29a267c"
  integrity sha512-rArEXAgsBG4UgRGcynxWIWKFvh/XZCcS8UJdHhwy91zwAvCZIbcs+vAbflgBnNjYMs/i/i+/Ux6IZhML1yPvxg==
  dependencies:
    is-core-module "^2.1.0"
    path-parse "^1.0.6"

rollup-plugin-commonjs@^10.1.0:
  version "10.1.0"
  resolved "https://registry.yarnpkg.com/rollup-plugin-commonjs/-/rollup-plugin-commonjs-10.1.0.tgz#417af3b54503878e084d127adf4d1caf8beb86fb"
  integrity sha512-jlXbjZSQg8EIeAAvepNwhJj++qJWNJw1Cl0YnOqKtP5Djx+fFGkp3WRh+W0ASCaFG5w1jhmzDxgu3SJuVxPF4Q==
  dependencies:
    estree-walker "^0.6.1"
    is-reference "^1.1.2"
    magic-string "^0.25.2"
    resolve "^1.11.0"
    rollup-pluginutils "^2.8.1"

rollup-plugin-node-resolve@^5.2.0:
  version "5.2.0"
  resolved "https://registry.yarnpkg.com/rollup-plugin-node-resolve/-/rollup-plugin-node-resolve-5.2.0.tgz#730f93d10ed202473b1fb54a5997a7db8c6d8523"
  integrity sha512-jUlyaDXts7TW2CqQ4GaO5VJ4PwwaV8VUGA7+km3n6k6xtOEacf61u0VXwN80phY/evMcaS+9eIeJ9MOyDxt5Zw==
  dependencies:
    "@types/resolve" "0.0.8"
    builtin-modules "^3.1.0"
    is-module "^1.0.0"
    resolve "^1.11.1"
    rollup-pluginutils "^2.8.1"

rollup-pluginutils@^2.8.1:
  version "2.8.2"
  resolved "https://registry.yarnpkg.com/rollup-pluginutils/-/rollup-pluginutils-2.8.2.tgz#72f2af0748b592364dbd3389e600e5a9444a351e"
  integrity sha512-EEp9NhnUkwY8aif6bxgovPHMoMoNr2FulJziTndpt5H9RdwC47GSGuII9XxpSdzVGM0GWrNPHV6ie1LTNJPaLQ==
  dependencies:
    estree-walker "^0.6.1"

rollup@^2.33.3:
  version "2.33.3"
  resolved "https://registry.yarnpkg.com/rollup/-/rollup-2.33.3.tgz#ae72ce31f992b09a580072951bfea76e9df17342"
  integrity sha512-RpayhPTe4Gu/uFGCmk7Gp5Z9Qic2VsqZ040G+KZZvsZYdcuWaJg678JeDJJvJeEQXminu24a2au+y92CUWVd+w==
  optionalDependencies:
    fsevents "~2.1.2"

sourcemap-codec@^1.4.4:
  version "1.4.8"
  resolved "https://registry.yarnpkg.com/sourcemap-codec/-/sourcemap-codec-1.4.8.tgz#ea804bd94857402e6992d05a38ef1ae35a9ab4c4"
  integrity sha512-9NykojV5Uih4lgo5So5dtw+f0JgJX30KCNI8gwhz2J9A15wD0Ml6tjHKwf6fTSa6fAdVBdZeNOs9eJ71qCk8vA==

ssf@~0.11.2:
  version "0.11.2"
  resolved "https://registry.yarnpkg.com/ssf/-/ssf-0.11.2.tgz#0b99698b237548d088fc43cdf2b70c1a7512c06c"
  integrity sha512-+idbmIXoYET47hH+d7dfm2epdOMUDjqcB4648sTZ+t2JwoyBFL/insLfB/racrDmsKB3diwsDA696pZMieAC5g==
  dependencies:
    frac "~1.1.2"

wmf@~1.0.1:
  version "1.0.2"
  resolved "https://registry.yarnpkg.com/wmf/-/wmf-1.0.2.tgz#7d19d621071a08c2bdc6b7e688a9c435298cc2da"
  integrity sha512-/p9K7bEh0Dj6WbXg4JG0xvLQmIadrner1bi45VMJTfnbVHsc7yIajZyoSoK60/dtVBs12Fm6WkUI5/3WAVsNMw==

word@~0.3.0:
  version "0.3.0"
  resolved "https://registry.yarnpkg.com/word/-/word-0.3.0.tgz#8542157e4f8e849f4a363a288992d47612db9961"
  integrity sha512-OELeY0Q61OXpdUfTp+oweA/vtLVg5VDOXh+3he3PNzLGG/y0oylSOC1xRVj0+l4vQ3tj/bB1HVHv1ocXkQceFA==

xlsx@^0.16.9:
  version "0.16.9"
  resolved "https://registry.yarnpkg.com/xlsx/-/xlsx-0.16.9.tgz#dacd5bb46bda6dd3743940c9c3dc1e2171826256"
  integrity sha512-gxi1I3EasYvgCX1vN9pGyq920Ron4NO8PNfhuoA3Hpq6Y8f0ECXiy4OLrK4QZBnj1jx3QD+8Fq5YZ/3mPZ5iXw==
  dependencies:
    adler-32 "~1.2.0"
    cfb "^1.1.4"
    codepage "~1.14.0"
    commander "~2.17.1"
    crc-32 "~1.2.0"
    exit-on-epipe "~1.0.1"
    fflate "^0.3.8"
    ssf "~0.11.2"
    wmf "~1.0.1"
    word "~0.3.0"
